PODS:
  - Barista (0.0.3):
    - Barista/Core
    - Barista/Middleware
    - CocoaAsyncSocket (~> 7.0)
    - JLRoutes (~> 1.4)
  - Barista/Core (0.0.3):
    - CocoaAsyncSocket (~> 7.0)
    - JLRoutes (~> 1.4)
  - Barista/Middleware (0.0.3):
    - Barista/Core
    - Barista/Middleware/Authentication
    - Barista/Middleware/BodyParsing
    - Barista/Middleware/Compression
    - Barista/Middleware/Cookies
    - Barista/Middleware/Files
    - Barista/Middleware/Router
    - Barista/Middleware/Sessions
    - Barista/Middleware/Templates
    - CocoaAsyncSocket (~> 7.0)
    - JLRoutes (~> 1.4)
  - Barista/Middleware/Authentication (0.0.3):
    - Barista/Core
    - Barista/Middleware/Authentication/Basic
    - CocoaAsyncSocket (~> 7.0)
    - JLRoutes (~> 1.4)
  - Barista/Middleware/Authentication/Basic (0.0.3):
    - Barista/Core
    - CocoaAsyncSocket (~> 7.0)
    - JLRoutes (~> 1.4)
  - Barista/Middleware/BodyParsing (0.0.3):
    - Barista/Core
    - CocoaAsyncSocket (~> 7.0)
    - JLRoutes (~> 1.4)
  - Barista/Middleware/Compression (0.0.3):
    - Barista/Core
    - CocoaAsyncSocket (~> 7.0)
    - JLRoutes (~> 1.4)
  - Barista/Middleware/Cookies (0.0.3):
    - Barista/Core
    - CocoaAsyncSocket (~> 7.0)
    - JLRoutes (~> 1.4)
  - Barista/Middleware/Files (0.0.3):
    - Barista/Core
    - CocoaAsyncSocket (~> 7.0)
    - JLRoutes (~> 1.4)
  - Barista/Middleware/Router (0.0.3):
    - Barista/Core
    - CocoaAsyncSocket (~> 7.0)
    - JLRoutes (~> 1.4)
  - Barista/Middleware/Sessions (0.0.3):
    - Barista/Core
    - CocoaAsyncSocket (~> 7.0)
    - JLRoutes (~> 1.4)
  - Barista/Middleware/Templates (0.0.3):
    - Barista/Core
    - Barista/Middleware/Templates/Mustache
    - CocoaAsyncSocket (~> 7.0)
    - JLRoutes (~> 1.4)
  - Barista/Middleware/Templates/Mustache (0.0.3):
    - Barista/Core
    - CocoaAsyncSocket (~> 7.0)
    - GRMustache (~> 6.4.1)
    - JLRoutes (~> 1.4)
  - CocoaAsyncSocket (7.3.3)
  - GRMustache (6.4.1):
    - JRSwizzle (~> 1.0)
  - JLRoutes (1.4)
  - JRSwizzle (1.0)

DEPENDENCIES:
  - Barista (~> 0.0.3)

SPEC CHECKSUMS:
  Barista: 89b9b4d35b7ccfc51e751a9343d1036a3fd87ea6
  CocoaAsyncSocket: 50a73b79fb77f0dbb57cdc5c247c8f19e9cb3b33
  GRMustache: d462f30b261a952a06c518ab3bc30cc5ec7abb63
  JLRoutes: 8814d5341d2678c2daca045ce538f21e62e558d4
  JRSwizzle: 6242ff38485d870fc2636899048ee1ab883ae587

COCOAPODS: 0.29.0
